
Microsoft Visual Studio Solution File, Format Version 12.00
Project("{FAE04EC0-301F-11D3-BF4B-00C04F79EFBC}") = "Segundo_Parcial", "Segundo_Parcial.csproj", "{399A8877-9BAB-4E7D-BF0D-D462D2093A96}"
EndProject
Global
	GlobalSection(SolutionConfigurationPlatforms) = preSolution
		Debug|Any CPU = Debug|Any CPU
		Release|Any CPU = Release|Any CPU
	EndGlobalSection
	GlobalSection(ProjectConfigurationPlatforms) = postSolution
		{399A8877-9BAB-4E7D-BF0D-D462D2093A96}.Debug|Any CPU.ActiveCfg = Debug|Any CPU
		{399A8877-9BAB-4E7D-BF0D-D462D2093A96}.Debug|Any CPU.Build.0 = Debug|Any CPU
		{399A8877-9BAB-4E7D-BF0D-D462D2093A96}.Release|Any CPU.ActiveCfg = Release|Any CPU
		{399A8877-9BAB-4E7D-BF0D-D462D2093A96}.Release|Any CPU.Build.0 = Release|Any CPU
	EndGlobalSection
EndGlobal
